
Microsoft Visual Studio Solution File, Format Version 12.00
# Visual Studio 15
VisualStudioVersion = 15.0.28307.489
MinimumVisualStudioVersion = 10.0.40219.1
Project("{FAE04EC0-301F-11D3-BF4B-00C04F79EFBC}") = "WebAdvert.Web", "WebAdvert.Web\WebAdvert.Web.csproj", "{6CA00C26-A939-44F2-BABA-F8E5CF2C3CA3}"
EndProject
Global
	GlobalSection(SolutionConfigurationPlatforms) = preSolution
		Debug|Any CPU = Debug|Any CPU
		Release|Any CPU = Release|Any CPU
	EndGlobalSection
	GlobalSection(ProjectConfigurationPlatforms) = postSolution
		{6CA00C26-A939-44F2-BABA-F8E5CF2C3CA3}.Debug|Any CPU.ActiveCfg = Debug|Any CPU
		{6CA00C26-A939-44F2-BABA-F8E5CF2C3CA3}.Debug|Any CPU.Build.0 = Debug|Any CPU
		{6CA00C26-A939-44F2-BABA-F8E5CF2C3CA3}.Release|Any CPU.ActiveCfg = Release|Any CPU
		{6CA00C26-A939-44F2-BABA-F8E5CF2C3CA3}.Release|Any CPU.Build.0 = Release|Any CPU
	EndGlobalSection
	GlobalSection(SolutionProperties) = preSolution
		HideSolutionNode = FALSE
	EndGlobalSection
	GlobalSection(ExtensibilityGlobals) = postSolution
		SolutionGuid = {FCEF35DE-AC53-4CB1-B047-71B5CDF0AAA3}
	EndGlobalSection
EndGlobal
